// !$*UTF8*$!
{
	archiveVersion = 1;
	classes = {
	};
	objectVersion = 56;
	objects = {

/* Begin PBXBuildFile section */
		AD01A2672BFFE03D00720E44 /* ExchangeRatePickerView.swift in Sources */ = {isa = PBXBuildFile; fileRef = AD01A2662BFFE03D00720E44 /* ExchangeRatePickerView.swift */; };
		AD3250642B20E1E30024E2DF /* ExchangeRates.swift in Sources */ = {isa = PBXBuildFile; fileRef = AD3250632B20E1E30024E2DF /* ExchangeRates.swift */; };
		AD3250662B20E2590024E2DF /* DarkModeToggleButton.swift in Sources */ = {isa = PBXBuildFile; fileRef = AD3250652B20E2590024E2DF /* DarkModeToggleButton.swift */; };
		AD3250682B20E4A60024E2DF /* AmountInputView.swift in Sources */ = {isa = PBXBuildFile; fileRef = AD3250672B20E4A60024E2DF /* AmountInputView.swift */; };
		AD32506A2B20E56A0024E2DF /* CurrencyPickerView.swift in Sources */ = {isa = PBXBuildFile; fileRef = AD3250692B20E56A0024E2DF /* CurrencyPickerView.swift */; };
		AD32506C2B20E6560024E2DF /* ExchangeRateInputView.swift in Sources */ = {isa = PBXBuildFile; fileRef = AD32506B2B20E6560024E2DF /* ExchangeRateInputView.swift */; };
		AD32506F2B20E7170024E2DF /* TotalAmountView.swift in Sources */ = {isa = PBXBuildFile; fileRef = AD32506E2B20E7170024E2DF /* TotalAmountView.swift */; };
		AD3250712B20E82D0024E2DF /* AutomaticExchangeRatesView.swift in Sources */ = {isa = PBXBuildFile; fileRef = AD3250702B20E82D0024E2DF /* AutomaticExchangeRatesView.swift */; };
		AD3250732B20E9230024E2DF /* AutomaticExchangeRatesGenerator.swift in Sources */ = {isa = PBXBuildFile; fileRef = AD3250722B20E9230024E2DF /* AutomaticExchangeRatesGenerator.swift */; };
		AD3250752B20EA070024E2DF /* AmountConverter.swift in Sources */ = {isa = PBXBuildFile; fileRef = AD3250742B20EA070024E2DF /* AmountConverter.swift */; };
		AD3250782B20EAB90024E2DF /* ResetButton.swift in Sources */ = {isa = PBXBuildFile; fileRef = AD3250772B20EAB90024E2DF /* ResetButton.swift */; };
		AD32507A2B20EB2D0024E2DF /* ExchangeRateFetcher.swift in Sources */ = {isa = PBXBuildFile; fileRef = AD3250792B20EB2D0024E2DF /* ExchangeRateFetcher.swift */; };
		AD641B5B2C19260B006812F6 /* QuickAmountButtonsView.swift in Sources */ = {isa = PBXBuildFile; fileRef = AD641B5A2C19260B006812F6 /* QuickAmountButtonsView.swift */; };
		AD8A66262B16BB5000073D0E /* Currency_ConvertApp.swift in Sources */ = {isa = PBXBuildFile; fileRef = AD8A66252B16BB5000073D0E /* Currency_ConvertApp.swift */; };
		AD8A66282B16BB5000073D0E /* CurrencyConvertView.swift in Sources */ = {isa = PBXBuildFile; fileRef = AD8A66272B16BB5000073D0E /* CurrencyConvertView.swift */; };
		AD8A662A2B16BB5300073D0E /* Assets.xcassets in Resources */ = {isa = PBXBuildFile; fileRef = AD8A66292B16BB5300073D0E /* Assets.xcassets */; };
		AD8A662D2B16BB5300073D0E /* Preview Assets.xcassets in Resources */ = {isa = PBXBuildFile; fileRef = AD8A662C2B16BB5300073D0E /* Preview Assets.xcassets */; };
		ADBFB7AF2B174903003B6A23 /* Alamofire in Frameworks */ = {isa = PBXBuildFile; productRef = ADBFB7AE2B174903003B6A23 /* Alamofire */; };
/* End PBXBuildFile section */

/* Begin PBXFileReference section */
		AD01A2662BFFE03D00720E44 /* ExchangeRatePickerView.swift */ = {isa = PBXFileReference; lastKnownFileType = sourcecode.swift; path = ExchangeRatePickerView.swift; sourceTree = "<group>"; };
		AD3250632B20E1E30024E2DF /* ExchangeRates.swift */ = {isa = PBXFileReference; lastKnownFileType = sourcecode.swift; path = ExchangeRates.swift; sourceTree = "<group>"; };
		AD3250652B20E2590024E2DF /* DarkModeToggleButton.swift */ = {isa = PBXFileReference; lastKnownFileType = sourcecode.swift; path = DarkModeToggleButton.swift; sourceTree = "<group>"; };
		AD3250672B20E4A60024E2DF /* AmountInputView.swift */ = {isa = PBXFileReference; lastKnownFileType = sourcecode.swift; path = AmountInputView.swift; sourceTree = "<group>"; };
		AD3250692B20E56A0024E2DF /* CurrencyPickerView.swift */ = {isa = PBXFileReference; lastKnownFileType = sourcecode.swift; path = CurrencyPickerView.swift; sourceTree = "<group>"; };
		AD32506B2B20E6560024E2DF /* ExchangeRateInputView.swift */ = {isa = PBXFileReference; lastKnownFileType = sourcecode.swift; path = ExchangeRateInputView.swift; sourceTree = "<group>"; };
		AD32506E2B20E7170024E2DF /* TotalAmountView.swift */ = {isa = PBXFileReference; lastKnownFileType = sourcecode.swift; path = TotalAmountView.swift; sourceTree = "<group>"; };
		AD3250702B20E82D0024E2DF /* AutomaticExchangeRatesView.swift */ = {isa = PBXFileReference; lastKnownFileType = sourcecode.swift; path = AutomaticExchangeRatesView.swift; sourceTree = "<group>"; };
		AD3250722B20E9230024E2DF /* AutomaticExchangeRatesGenerator.swift */ = {isa = PBXFileReference; lastKnownFileType = sourcecode.swift; path = AutomaticExchangeRatesGenerator.swift; sourceTree = "<group>"; };
		AD3250742B20EA070024E2DF /* AmountConverter.swift */ = {isa = PBXFileReference; lastKnownFileType = sourcecode.swift; path = AmountConverter.swift; sourceTree = "<group>"; };
		AD3250772B20EAB90024E2DF /* ResetButton.swift */ = {isa = PBXFileReference; lastKnownFileType = sourcecode.swift; path = ResetButton.swift; sourceTree = "<group>"; };
		AD3250792B20EB2D0024E2DF /* ExchangeRateFetcher.swift */ = {isa = PBXFileReference; lastKnownFileType = sourcecode.swift; path = ExchangeRateFetcher.swift; sourceTree = "<group>"; };
		AD641B5A2C19260B006812F6 /* QuickAmountButtonsView.swift */ = {isa = PBXFileReference; lastKnownFileType = sourcecode.swift; path = QuickAmountButtonsView.swift; sourceTree = "<group>"; };
		AD8A66222B16BB5000073D0E /* Currency Convert.app */ = {isa = PBXFileReference; explicitFileType = wrapper.application; includeInIndex = 0; path = "Currency Convert.app"; sourceTree = BUILT_PRODUCTS_DIR; };
		AD8A66252B16BB5000073D0E /* Currency_ConvertApp.swift */ = {isa = PBXFileReference; lastKnownFileType = sourcecode.swift; path = Currency_ConvertApp.swift; sourceTree = "<group>"; };
		AD8A66272B16BB5000073D0E /* CurrencyConvertView.swift */ = {isa = PBXFileReference; lastKnownFileType = sourcecode.swift; path = CurrencyConvertView.swift; sourceTree = "<group>"; };
		AD8A66292B16BB5300073D0E /* Assets.xcassets */ = {isa = PBXFileReference; lastKnownFileType = folder.assetcatalog; path = Assets.xcassets; sourceTree = "<group>"; };
		AD8A662C2B16BB5300073D0E /* Preview Assets.xcassets */ = {isa = PBXFileReference; lastKnownFileType = folder.assetcatalog; path = "Preview Assets.xcassets"; sourceTree = "<group>"; };
/* End PBXFileReference section */

/* Begin PBXFrameworksBuildPhase section */
		AD8A661F2B16BB5000073D0E /* Frameworks */ = {
			isa = PBXFrameworksBuildPhase;
			buildActionMask = 2147483647;
			files = (
				ADBFB7AF2B174903003B6A23 /* Alamofire in Frameworks */,
			);
			runOnlyForDeploymentPostprocessing = 0;
		};
/* End PBXFrameworksBuildPhase section */

/* Begin PBXGroup section */
		AD32506D2B20E6A60024E2DF /* VIEW */ = {
			isa = PBXGroup;
			children = (
				AD3250672B20E4A60024E2DF /* AmountInputView.swift */,
				AD3250692B20E56A0024E2DF /* CurrencyPickerView.swift */,
				AD32506B2B20E6560024E2DF /* ExchangeRateInputView.swift */,
				AD32506E2B20E7170024E2DF /* TotalAmountView.swift */,
				AD3250702B20E82D0024E2DF /* AutomaticExchangeRatesView.swift */,
				AD01A2662BFFE03D00720E44 /* ExchangeRatePickerView.swift */,
			);
			path = VIEW;
			sourceTree = "<group>";
		};
		AD3250762B20EA910024E2DF /* BUTTON */ = {
			isa = PBXGroup;
			children = (
				AD3250652B20E2590024E2DF /* DarkModeToggleButton.swift */,
				AD3250772B20EAB90024E2DF /* ResetButton.swift */,
				AD641B5A2C19260B006812F6 /* QuickAmountButtonsView.swift */,
			);
			path = BUTTON;
			sourceTree = "<group>";
		};
		AD8A66192B16BB5000073D0E = {
			isa = PBXGroup;
			children = (
				AD8A66242B16BB5000073D0E /* Currency Convert */,
				AD8A66232B16BB5000073D0E /* Products */,
			);
			sourceTree = "<group>";
		};
		AD8A66232B16BB5000073D0E /* Products */ = {
			isa = PBXGroup;
			children = (
				AD8A66222B16BB5000073D0E /* Currency Convert.app */,
			);
			name = Products;
			sourceTree = "<group>";
		};
		AD8A66242B16BB5000073D0E /* Currency Convert */ = {
			isa = PBXGroup;
			children = (
				AD8A66252B16BB5000073D0E /* Currency_ConvertApp.swift */,
				AD3250632B20E1E30024E2DF /* ExchangeRates.swift */,
				AD3250742B20EA070024E2DF /* AmountConverter.swift */,
				AD3250792B20EB2D0024E2DF /* ExchangeRateFetcher.swift */,
				AD3250722B20E9230024E2DF /* AutomaticExchangeRatesGenerator.swift */,
				AD8A66272B16BB5000073D0E /* CurrencyConvertView.swift */,
				AD3250762B20EA910024E2DF /* BUTTON */,
				AD32506D2B20E6A60024E2DF /* VIEW */,
				AD8A66292B16BB5300073D0E /* Assets.xcassets */,
				AD8A662B2B16BB5300073D0E /* Preview Content */,
			);
			path = "Currency Convert";
			sourceTree = "<group>";
		};
		AD8A662B2B16BB5300073D0E /* Preview Content */ = {
			isa = PBXGroup;
			children = (
				AD8A662C2B16BB5300073D0E /* Preview Assets.xcassets */,
			);
			path = "Preview Content";
			sourceTree = "<group>";
		};
/* End PBXGroup section */

/* Begin PBXNativeTarget section */
		AD8A66212B16BB5000073D0E /* Currency Convert */ = {
			isa = PBXNativeTarget;
			buildConfigurationList = AD8A66302B16BB5300073D0E /* Build configuration list for PBXNativeTarget "Currency Convert" */;
			buildPhases = (
				AD8A661E2B16BB5000073D0E /* Sources */,
				AD8A661F2B16BB5000073D0E /* Frameworks */,
				AD8A66202B16BB5000073D0E /* Resources */,
			);
			buildRules = (
			);
			dependencies = (
			);
			name = "Currency Convert";
			packageProductDependencies = (
				ADBFB7AE2B174903003B6A23 /* Alamofire */,
			);
			productName = "Currency Convert";
			productReference = AD8A66222B16BB5000073D0E /* Currency Convert.app */;
			productType = "com.apple.product-type.application";
		};
/* End PBXNativeTarget section */

/* Begin PBXProject section */
		AD8A661A2B16BB5000073D0E /* Project object */ = {
			isa = PBXProject;
			attributes = {
				BuildIndependentTargetsInParallel = 1;
				LastSwiftUpdateCheck = 1500;
				LastUpgradeCheck = 1500;
				TargetAttributes = {
					AD8A66212B16BB5000073D0E = {
						CreatedOnToolsVersion = 15.0.1;
					};
				};
			};
			buildConfigurationList = AD8A661D2B16BB5000073D0E /* Build configuration list for PBXProject "Currency Convert" */;
			compatibilityVersion = "Xcode 14.0";
			developmentRegion = en;
			hasScannedForEncodings = 0;
			knownRegions = (
				en,
				Base,
			);
			mainGroup = AD8A66192B16BB5000073D0E;
			packageReferences = (
				ADBFB7AD2B174903003B6A23 /* XCRemoteSwiftPackageReference "Alamofire" */,
			);
			productRefGroup = AD8A66232B16BB5000073D0E /* Products */;
			projectDirPath = "";
			projectRoot = "";
			targets = (
				AD8A66212B16BB5000073D0E /* Currency Convert */,
			);
		};
/* End PBXProject section */

/* Begin PBXResourcesBuildPhase section */
		AD8A66202B16BB5000073D0E /* Resources */ = {
			isa = PBXResourcesBuildPhase;
			buildActionMask = 2147483647;
			files = (
				AD8A662D2B16BB5300073D0E /* Preview Assets.xcassets in Resources */,
				AD8A662A2B16BB5300073D0E /* Assets.xcassets in Resources */,
			);
			runOnlyForDeploymentPostprocessing = 0;
		};
/* End PBXResourcesBuildPhase section */

/* Begin PBXSourcesBuildPhase section */
		AD8A661E2B16BB5000073D0E /* Sources */ = {
			isa = PBXSourcesBuildPhase;
			buildActionMask = 2147483647;
			files = (
				AD8A66282B16BB5000073D0E /* CurrencyConvertView.swift in Sources */,
				AD32507A2B20EB2D0024E2DF /* ExchangeRateFetcher.swift in Sources */,
				AD32506C2B20E6560024E2DF /* ExchangeRateInputView.swift in Sources */,
				AD641B5B2C19260B006812F6 /* QuickAmountButtonsView.swift in Sources */,
				AD3250712B20E82D0024E2DF /* AutomaticExchangeRatesView.swift in Sources */,
				AD32506A2B20E56A0024E2DF /* CurrencyPickerView.swift in Sources */,
				AD3250732B20E9230024E2DF /* AutomaticExchangeRatesGenerator.swift in Sources */,
				AD32506F2B20E7170024E2DF /* TotalAmountView.swift in Sources */,
				AD3250642B20E1E30024E2DF /* ExchangeRates.swift in Sources */,
				AD3250782B20EAB90024E2DF /* ResetButton.swift in Sources */,
				AD3250682B20E4A60024E2DF /* AmountInputView.swift in Sources */,
				AD3250662B20E2590024E2DF /* DarkModeToggleButton.swift in Sources */,
				AD8A66262B16BB5000073D0E /* Currency_ConvertApp.swift in Sources */,
				AD3250752B20EA070024E2DF /* AmountConverter.swift in Sources */,
				AD01A2672BFFE03D00720E44 /* ExchangeRatePickerView.swift in Sources */,
			);
			runOnlyForDeploymentPostprocessing = 0;
		};
/* End PBXSourcesBuildPhase section */

/* Begin XCBuildConfiguration section */
		AD8A662E2B16BB5300073D0E /* Debug */ = {
			isa = XCBuildConfiguration;
			buildSettings = {
				ALWAYS_SEARCH_USER_PATHS = NO;
				ASSETCATALOG_COMPILER_GENERATE_SWIFT_ASSET_SYMBOL_EXTENSIONS = YES;
				CLANG_ANALYZER_NONNULL = YES;
				CLANG_ANALYZER_NUMBER_OBJECT_CONVERSION = YES_AGGRESSIVE;
				CLANG_CXX_LANGUAGE_STANDARD = "gnu++20";
				CLANG_ENABLE_MODULES = YES;
				CLANG_ENABLE_OBJC_ARC = YES;
				CLANG_ENABLE_OBJC_WEAK = YES;
				CLANG_WARN_BLOCK_CAPTURE_AUTORELEASING = YES;
				CLANG_WARN_BOOL_CONVERSION = YES;
				CLANG_WARN_COMMA = YES;
				CLANG_WARN_CONSTANT_CONVERSION = YES;
				CLANG_WARN_DEPRECATED_OBJC_IMPLEMENTATIONS = YES;
				CLANG_WARN_DIRECT_OBJC_ISA_USAGE = YES_ERROR;
				CLANG_WARN_DOCUMENTATION_COMMENTS = YES;
				CLANG_WARN_EMPTY_BODY = YES;
				CLANG_WARN_ENUM_CONVERSION = YES;
				CLANG_WARN_INFINITE_RECURSION = YES;
				CLANG_WARN_INT_CONVERSION = YES;
				CLANG_WARN_NON_LITERAL_NULL_CONVERSION = YES;
				CLANG_WARN_OBJC_IMPLICIT_RETAIN_SELF = YES;
				CLANG_WARN_OBJC_LITERAL_CONVERSION = YES;
				CLANG_WARN_OBJC_ROOT_CLASS = YES_ERROR;
				CLANG_WARN_QUOTED_INCLUDE_IN_FRAMEWORK_HEADER = YES;
				CLANG_WARN_RANGE_LOOP_ANALYSIS = YES;
				CLANG_WARN_STRICT_PROTOTYPES = YES;
				CLANG_WARN_SUSPICIOUS_MOVE = YES;
				CLANG_WARN_UNGUARDED_AVAILABILITY = YES_AGGRESSIVE;
				CLANG_WARN_UNREACHABLE_CODE = YES;
				CLANG_WARN__DUPLICATE_METHOD_MATCH = YES;
				COPY_PHASE_STRIP = NO;
				DEBUG_INFORMATION_FORMAT = dwarf;
				ENABLE_STRICT_OBJC_MSGSEND = YES;
				ENABLE_TESTABILITY = YES;
				ENABLE_USER_SCRIPT_SANDBOXING = YES;
				GCC_C_LANGUAGE_STANDARD = gnu17;
				GCC_DYNAMIC_NO_PIC = NO;
				GCC_NO_COMMON_BLOCKS = YES;
				GCC_OPTIMIZATION_LEVEL = 0;
				GCC_PREPROCESSOR_DEFINITIONS = (
					"DEBUG=1",
					"$(inherited)",
				);
				GCC_WARN_64_TO_32_BIT_CONVERSION = YES;
				GCC_WARN_ABOUT_RETURN_TYPE = YES_ERROR;
				GCC_WARN_UNDECLARED_SELECTOR = YES;
				GCC_WARN_UNINITIALIZED_AUTOS = YES_AGGRESSIVE;
				GCC_WARN_UNUSED_FUNCTION = YES;
				GCC_WARN_UNUSED_VARIABLE = YES;
				IPHONEOS_DEPLOYMENT_TARGET = 17.0;
				LOCALIZATION_PREFERS_STRING_CATALOGS = YES;
				MTL_ENABLE_DEBUG_INFO = INCLUDE_SOURCE;
				MTL_FAST_MATH = YES;
				ONLY_ACTIVE_ARCH = YES;
				SDKROOT = iphoneos;
				SWIFT_ACTIVE_COMPILATION_CONDITIONS = "DEBUG $(inherited)";
				SWIFT_OPTIMIZATION_LEVEL = "-Onone";
			};
			name = Debug;
		};
		AD8A662F2B16BB5300073D0E /* Release */ = {
			isa = XCBuildConfiguration;
			buildSettings = {
				ALWAYS_SEARCH_USER_PATHS = NO;
				ASSETCATALOG_COMPILER_GENERATE_SWIFT_ASSET_SYMBOL_EXTENSIONS = YES;
				CLANG_ANALYZER_NONNULL = YES;
				CLANG_ANALYZER_NUMBER_OBJECT_CONVERSION = YES_AGGRESSIVE;
				CLANG_CXX_LANGUAGE_STANDARD = "gnu++20";
				CLANG_ENABLE_MODULES = YES;
				CLANG_ENABLE_OBJC_ARC = YES;
				CLANG_ENABLE_OBJC_WEAK = YES;
				CLANG_WARN_BLOCK_CAPTURE_AUTORELEASING = YES;
				CLANG_WARN_BOOL_CONVERSION = YES;
				CLANG_WARN_COMMA = YES;
				CLANG_WARN_CONSTANT_CONVERSION = YES;
				CLANG_WARN_DEPRECATED_OBJC_IMPLEMENTATIONS = YES;
				CLANG_WARN_DIRECT_OBJC_ISA_USAGE = YES_ERROR;
				CLANG_WARN_DOCUMENTATION_COMMENTS = YES;
				CLANG_WARN_EMPTY_BODY = YES;
				CLANG_WARN_ENUM_CONVERSION = YES;
				CLANG_WARN_INFINITE_RECURSION = YES;
				CLANG_WARN_INT_CONVERSION = YES;
				CLANG_WARN_NON_LITERAL_NULL_CONVERSION = YES;
				CLANG_WARN_OBJC_IMPLICIT_RETAIN_SELF = YES;
				CLANG_WARN_OBJC_LITERAL_CONVERSION = YES;
				CLANG_WARN_OBJC_ROOT_CLASS = YES_ERROR;
				CLANG_WARN_QUOTED_INCLUDE_IN_FRAMEWORK_HEADER = YES;
				CLANG_WARN_RANGE_LOOP_ANALYSIS = YES;
				CLANG_WARN_STRICT_PROTOTYPES = YES;
				CLANG_WARN_SUSPICIOUS_MOVE = YES;
				CLANG_WARN_UNGUARDED_AVAILABILITY = YES_AGGRESSIVE;
				CLANG_WARN_UNREACHABLE_CODE = YES;
				CLANG_WARN__DUPLICATE_METHOD_MATCH = YES;
				COPY_PHASE_STRIP = NO;
				DEBUG_INFORMATION_FORMAT = "dwarf-with-dsym";
				ENABLE_NS_ASSERTIONS = NO;
				ENABLE_STRICT_OBJC_MSGSEND = YES;
				ENABLE_USER_SCRIPT_SANDBOXING = YES;
				GCC_C_LANGUAGE_STANDARD = gnu17;
				GCC_NO_COMMON_BLOCKS = YES;
				GCC_WARN_64_TO_32_BIT_CONVERSION = YES;
				GCC_WARN_ABOUT_RETURN_TYPE = YES_ERROR;
				GCC_WARN_UNDECLARED_SELECTOR = YES;
				GCC_WARN_UNINITIALIZED_AUTOS = YES_AGGRESSIVE;
				GCC_WARN_UNUSED_FUNCTION = YES;
				GCC_WARN_UNUSED_VARIABLE = YES;
				IPHONEOS_DEPLOYMENT_TARGET = 17.0;
				LOCALIZATION_PREFERS_STRING_CATALOGS = YES;
				MTL_ENABLE_DEBUG_INFO = NO;
				MTL_FAST_MATH = YES;
				SDKROOT = iphoneos;
				SWIFT_COMPILATION_MODE = wholemodule;
				VALIDATE_PRODUCT = YES;
			};
			name = Release;
		};
		AD8A66312B16BB5300073D0E /* Debug */ = {
			isa = XCBuildConfiguration;
			buildSettings = {
				ASSETCATALOG_COMPILER_APPICON_NAME = AppIcon;
				ASSETCATALOG_COMPILER_GLOBAL_ACCENT_COLOR_NAME = AccentColor;
				CODE_SIGN_STYLE = Automatic;
				CURRENT_PROJECT_VERSION = 1;
				DEVELOPMENT_ASSET_PATHS = "\"Currency Convert/Preview Content\"";
				DEVELOPMENT_TEAM = XW758S68BG;
				ENABLE_PREVIEWS = YES;
				GENERATE_INFOPLIST_FILE = YES;
				INFOPLIST_KEY_LSApplicationCategoryType = "public.app-category.finance";
				INFOPLIST_KEY_UIApplicationSceneManifest_Generation = YES;
				INFOPLIST_KEY_UIApplicationSupportsIndirectInputEvents = YES;
				INFOPLIST_KEY_UILaunchScreen_Generation = YES;
				INFOPLIST_KEY_UISupportedInterfaceOrientations_iPad = "UIInterfaceOrientationPortrait UIInterfaceOrientationPortraitUpsideDown UIInterfaceOrientationLandscapeLeft UIInterfaceOrientationLandscapeRight";
				INFOPLIST_KEY_UISupportedInterfaceOrientations_iPhone = "UIInterfaceOrientationPortrait UIInterfaceOrientationLandscapeLeft UIInterfaceOrientationLandscapeRight";
				IPHONEOS_DEPLOYMENT_TARGET = 15.6;
				LD_RUNPATH_SEARCH_PATHS = (
					"$(inherited)",
					"@executable_path/Frameworks",
				);
				MARKETING_VERSION = 1.0;
				PRODUCT_BUNDLE_IDENTIFIER = "com.mrxx7.Currency-Convert";
				PRODUCT_NAME = "$(TARGET_NAME)";
				SWIFT_EMIT_LOC_STRINGS = YES;
				SWIFT_VERSION = 5.0;
				TARGETED_DEVICE_FAMILY = "1,2";
			};
			name = Debug;
		};
		AD8A66322B16BB5300073D0E /* Release */ = {
			isa = XCBuildConfiguration;
			buildSettings = {
				ASSETCATALOG_COMPILER_APPICON_NAME = AppIcon;
				ASSETCATALOG_COMPILER_GLOBAL_ACCENT_COLOR_NAME = AccentColor;
				CODE_SIGN_STYLE = Automatic;
				CURRENT_PROJECT_VERSION = 1;
				DEVELOPMENT_ASSET_PATHS = "\"Currency Convert/Preview Content\"";
				DEVELOPMENT_TEAM = XW758S68BG;
				ENABLE_PREVIEWS = YES;
				GENERATE_INFOPLIST_FILE = YES;
				INFOPLIST_KEY_LSApplicationCategoryType = "public.app-category.finance";
				INFOPLIST_KEY_UIApplicationSceneManifest_Generation = YES;
				INFOPLIST_KEY_UIApplicationSupportsIndirectInputEvents = YES;
				INFOPLIST_KEY_UILaunchScreen_Generation = YES;
				INFOPLIST_KEY_UISupportedInterfaceOrientations_iPad = "UIInterfaceOrientationPortrait UIInterfaceOrientationPortraitUpsideDown UIInterfaceOrientationLandscapeLeft UIInterfaceOrientationLandscapeRight";
				INFOPLIST_KEY_UISupportedInterfaceOrientations_iPhone = "UIInterfaceOrientationPortrait UIInterfaceOrientationLandscapeLeft UIInterfaceOrientationLandscapeRight";
				IPHONEOS_DEPLOYMENT_TARGET = 15.6;
				LD_RUNPATH_SEARCH_PATHS = (
					"$(inherited)",
					"@executable_path/Frameworks",
				);
				MARKETING_VERSION = 1.0;
				PRODUCT_BUNDLE_IDENTIFIER = "com.mrxx7.Currency-Convert";
				PRODUCT_NAME = "$(TARGET_NAME)";
				SWIFT_EMIT_LOC_STRINGS = YES;
				SWIFT_VERSION = 5.0;
				TARGETED_DEVICE_FAMILY = "1,2";
			};
			name = Release;
		};
/* End XCBuildConfiguration section */

/* Begin XCConfigurationList section */
		AD8A661D2B16BB5000073D0E /* Build configuration list for PBXProject "Currency Convert" */ = {
			isa = XCConfigurationList;
			buildConfigurations = (
				AD8A662E2B16BB5300073D0E /* Debug */,
				AD8A662F2B16BB5300073D0E /* Release */,
			);
			defaultConfigurationIsVisible = 0;
			defaultConfigurationName = Release;
		};
		AD8A66302B16BB5300073D0E /* Build configuration list for PBXNativeTarget "Currency Convert" */ = {
			isa = XCConfigurationList;
			buildConfigurations = (
				AD8A66312B16BB5300073D0E /* Debug */,
				AD8A66322B16BB5300073D0E /* Release */,
			);
			defaultConfigurationIsVisible = 0;
			defaultConfigurationName = Release;
		};
/* End XCConfigurationList section */

/* Begin XCRemoteSwiftPackageReference section */
		ADBFB7AD2B174903003B6A23 /* XCRemoteSwiftPackageReference "Alamofire" */ = {
			isa = XCRemoteSwiftPackageReference;
			repositoryURL = "https://github.com/Alamofire/Alamofire";
			requirement = {
				kind = upToNextMajorVersion;
				minimumVersion = 5.8.1;
			};
		};
/* End XCRemoteSwiftPackageReference section */

/* Begin XCSwiftPackageProductDependency section */
		ADBFB7AE2B174903003B6A23 /* Alamofire */ = {
			isa = XCSwiftPackageProductDependency;
			package = ADBFB7AD2B174903003B6A23 /* XCRemoteSwiftPackageReference "Alamofire" */;
			productName = Alamofire;
		};
/* End XCSwiftPackageProductDependency section */
	};
	rootObject = AD8A661A2B16BB5000073D0E /* Project object */;
}
